// !$*UTF8*$!
{
	archiveVersion = 1;
	classes = {
	};
	objectVersion = 50;
	objects = {

/* Begin PBXBuildFile section */
		438E118F254E018B007D5B6E /* LastRowKeyboardView.swift in Sources */ = {isa = PBXBuildFile; fileRef = 438E118E254E018B007D5B6E /* LastRowKeyboardView.swift */; };
		438E1192254E0336007D5B6E /* RightColumnKeyboardView.swift in Sources */ = {isa = PBXBuildFile; fileRef = 438E1191254E0336007D5B6E /* RightColumnKeyboardView.swift */; };
		439973BC254EDF050009EF7C /* ButtonView.swift in Sources */ = {isa = PBXBuildFile; fileRef = 439973BB254EDF050009EF7C /* ButtonView.swift */; };
		439973BF254EE2D80009EF7C /* NumbersKeyboardView.swift in Sources */ = {isa = PBXBuildFile; fileRef = 439973BE254EE2D80009EF7C /* NumbersKeyboardView.swift */; };
		439973C2254EE4490009EF7C /* FirstRowKeyboardView.swift in Sources */ = {isa = PBXBuildFile; fileRef = 439973C1254EE4490009EF7C /* FirstRowKeyboardView.swift */; };
		43F0031D254D59D600E140A8 /* VaraCalculationApp.swift in Sources */ = {isa = PBXBuildFile; fileRef = 43F0031C254D59D600E140A8 /* VaraCalculationApp.swift */; };
		43F0031F254D59D600E140A8 /* ContentView.swift in Sources */ = {isa = PBXBuildFile; fileRef = 43F0031E254D59D600E140A8 /* ContentView.swift */; };
		43F00321254D59D600E140A8 /* Assets.xcassets in Resources */ = {isa = PBXBuildFile; fileRef = 43F00320254D59D600E140A8 /* Assets.xcassets */; };
		43F00324254D59D600E140A8 /* Preview Assets.xcassets in Resources */ = {isa = PBXBuildFile; fileRef = 43F00323254D59D600E140A8 /* Preview Assets.xcassets */; };
		43F0032D254D5B0500E140A8 /* Models.swift in Sources */ = {isa = PBXBuildFile; fileRef = 43F0032C254D5B0500E140A8 /* Models.swift */; };
		43F00330254D5E9700E140A8 /* CalculatorView.swift in Sources */ = {isa = PBXBuildFile; fileRef = 43F0032F254D5E9700E140A8 /* CalculatorView.swift */; };
		43F00333254D614D00E140A8 /* ViewModels.swift in Sources */ = {isa = PBXBuildFile; fileRef = 43F00332254D614D00E140A8 /* ViewModels.swift */; };
		43F00336254DF15C00E140A8 /* Utils.swift in Sources */ = {isa = PBXBuildFile; fileRef = 43F00335254DF15C00E140A8 /* Utils.swift */; };
		43F00339254E002800E140A8 /* KeyboardView.swift in Sources */ = {isa = PBXBuildFile; fileRef = 43F00338254E002800E140A8 /* KeyboardView.swift */; };
/* End PBXBuildFile section */

/* Begin PBXFileReference section */
		438E118E254E018B007D5B6E /* LastRowKeyboardView.swift */ = {isa = PBXFileReference; lastKnownFileType = sourcecode.swift; path = LastRowKeyboardView.swift; sourceTree = "<group>"; };
		438E1191254E0336007D5B6E /* RightColumnKeyboardView.swift */ = {isa = PBXFileReference; lastKnownFileType = sourcecode.swift; path = RightColumnKeyboardView.swift; sourceTree = "<group>"; };
		439973BB254EDF050009EF7C /* ButtonView.swift */ = {isa = PBXFileReference; lastKnownFileType = sourcecode.swift; path = ButtonView.swift; sourceTree = "<group>"; };
		439973BE254EE2D80009EF7C /* NumbersKeyboardView.swift */ = {isa = PBXFileReference; lastKnownFileType = sourcecode.swift; path = NumbersKeyboardView.swift; sourceTree = "<group>"; };
		439973C1254EE4490009EF7C /* FirstRowKeyboardView.swift */ = {isa = PBXFileReference; lastKnownFileType = sourcecode.swift; path = FirstRowKeyboardView.swift; sourceTree = "<group>"; };
		43B7C4692699051400A94036 /* VaraCalculation.entitlements */ = {isa = PBXFileReference; lastKnownFileType = text.plist.entitlements; path = VaraCalculation.entitlements; sourceTree = "<group>"; };
		43F00319254D59D600E140A8 /* VaraCalculation.app */ = {isa = PBXFileReference; explicitFileType = wrapper.application; includeInIndex = 0; path = VaraCalculation.app; sourceTree = BUILT_PRODUCTS_DIR; };
		43F0031C254D59D600E140A8 /* VaraCalculationApp.swift */ = {isa = PBXFileReference; lastKnownFileType = sourcecode.swift; path = VaraCalculationApp.swift; sourceTree = "<group>"; };
		43F0031E254D59D600E140A8 /* ContentView.swift */ = {isa = PBXFileReference; lastKnownFileType = sourcecode.swift; path = ContentView.swift; sourceTree = "<group>"; };
		43F00320254D59D600E140A8 /* Assets.xcassets */ = {isa = PBXFileReference; lastKnownFileType = folder.assetcatalog; path = Assets.xcassets; sourceTree = "<group>"; };
		43F00323254D59D600E140A8 /* Preview Assets.xcassets */ = {isa = PBXFileReference; lastKnownFileType = folder.assetcatalog; path = "Preview Assets.xcassets"; sourceTree = "<group>"; };
		43F00325254D59D600E140A8 /* Info.plist */ = {isa = PBXFileReference; lastKnownFileType = text.plist.xml; path = Info.plist; sourceTree = "<group>"; };
		43F0032C254D5B0500E140A8 /* Models.swift */ = {isa = PBXFileReference; lastKnownFileType = sourcecode.swift; path = Models.swift; sourceTree = "<group>"; };
		43F0032F254D5E9700E140A8 /* CalculatorView.swift */ = {isa = PBXFileReference; lastKnownFileType = sourcecode.swift; path = CalculatorView.swift; sourceTree = "<group>"; };
		43F00332254D614D00E140A8 /* ViewModels.swift */ = {isa = PBXFileReference; lastKnownFileType = sourcecode.swift; path = ViewModels.swift; sourceTree = "<group>"; };
		43F00335254DF15C00E140A8 /* Utils.swift */ = {isa = PBXFileReference; lastKnownFileType = sourcecode.swift; path = Utils.swift; sourceTree = "<group>"; };
		43F00338254E002800E140A8 /* KeyboardView.swift */ = {isa = PBXFileReference; lastKnownFileType = sourcecode.swift; path = KeyboardView.swift; sourceTree = "<group>"; };
/* End PBXFileReference section */

/* Begin PBXFrameworksBuildPhase section */
		43F00316254D59D600E140A8 /* Frameworks */ = {
			isa = PBXFrameworksBuildPhase;
			buildActionMask = 2147483647;
			files = (
			);
			runOnlyForDeploymentPostprocessing = 0;
		};
/* End PBXFrameworksBuildPhase section */

/* Begin PBXGroup section */
		438E1194254E0507007D5B6E /* Views */ = {
			isa = PBXGroup;
			children = (
				43F0031E254D59D600E140A8 /* ContentView.swift */,
				43F0032F254D5E9700E140A8 /* CalculatorView.swift */,
				438E1195254E0512007D5B6E /* KeyboardViews */,
			);
			path = Views;
			sourceTree = "<group>";
		};
		438E1195254E0512007D5B6E /* KeyboardViews */ = {
			isa = PBXGroup;
			children = (
				439973BE254EE2D80009EF7C /* NumbersKeyboardView.swift */,
				43F00338254E002800E140A8 /* KeyboardView.swift */,
				438E118E254E018B007D5B6E /* LastRowKeyboardView.swift */,
				438E1191254E0336007D5B6E /* RightColumnKeyboardView.swift */,
				439973BB254EDF050009EF7C /* ButtonView.swift */,
				439973C1254EE4490009EF7C /* FirstRowKeyboardView.swift */,
			);
			path = KeyboardViews;
			sourceTree = "<group>";
		};
		43F00310254D59D600E140A8 = {
			isa = PBXGroup;
			children = (
				43F0031B254D59D600E140A8 /* VaraCalculation */,
				43F0031A254D59D600E140A8 /* Products */,
			);
			sourceTree = "<group>";
		};
		43F0031A254D59D600E140A8 /* Products */ = {
			isa = PBXGroup;
			children = (
				43F00319254D59D600E140A8 /* VaraCalculation.app */,
			);
			name = Products;
			sourceTree = "<group>";
		};
		43F0031B254D59D600E140A8 /* VaraCalculation */ = {
			isa = PBXGroup;
			children = (
				43B7C4692699051400A94036 /* VaraCalculation.entitlements */,
				438E1194254E0507007D5B6E /* Views */,
				43F0031C254D59D600E140A8 /* VaraCalculationApp.swift */,
				43F0032C254D5B0500E140A8 /* Models.swift */,
				43F00332254D614D00E140A8 /* ViewModels.swift */,
				43F00335254DF15C00E140A8 /* Utils.swift */,
				43F00320254D59D600E140A8 /* Assets.xcassets */,
				43F00325254D59D600E140A8 /* Info.plist */,
				43F00322254D59D600E140A8 /* Preview Content */,
			);
			path = VaraCalculation;
			sourceTree = "<group>";
		};
		43F00322254D59D600E140A8 /* Preview Content */ = {
			isa = PBXGroup;
			children = (
				43F00323254D59D600E140A8 /* Preview Assets.xcassets */,
			);
			path = "Preview Content";
			sourceTree = "<group>";
		};
/* End PBXGroup section */

/* Begin PBXNativeTarget section */
		43F00318254D59D600E140A8 /* VaraCalculation */ = {
			isa = PBXNativeTarget;
			buildConfigurationList = 43F00328254D59D600E140A8 /* Build configuration list for PBXNativeTarget "VaraCalculation" */;
			buildPhases = (
				43F00315254D59D600E140A8 /* Sources */,
				43F00316254D59D600E140A8 /* Frameworks */,
				43F00317254D59D600E140A8 /* Resources */,
			);
			buildRules = (
			);
			dependencies = (
			);
			name = VaraCalculation;
			productName = VaraCalculation;
			productReference = 43F00319254D59D600E140A8 /* VaraCalculation.app */;
			productType = "com.apple.product-type.application";
		};
/* End PBXNativeTarget section */

/* Begin PBXProject section */
		43F00311254D59D600E140A8 /* Project object */ = {
			isa = PBXProject;
			attributes = {
				LastSwiftUpdateCheck = 1210;
				LastUpgradeCheck = 1210;
				TargetAttributes = {
					43F00318254D59D600E140A8 = {
						CreatedOnToolsVersion = 12.1;
					};
				};
			};
			buildConfigurationList = 43F00314254D59D600E140A8 /* Build configuration list for PBXProject "VaraCalculation" */;
			compatibilityVersion = "Xcode 9.3";
			developmentRegion = en;
			hasScannedForEncodings = 0;
			knownRegions = (
				en,
				Base,
			);
			mainGroup = 43F00310254D59D600E140A8;
			productRefGroup = 43F0031A254D59D600E140A8 /* Products */;
			projectDirPath = "";
			projectRoot = "";
			targets = (
				43F00318254D59D600E140A8 /* VaraCalculation */,
			);
		};
/* End PBXProject section */

/* Begin PBXResourcesBuildPhase section */
		43F00317254D59D600E140A8 /* Resources */ = {
			isa = PBXResourcesBuildPhase;
			buildActionMask = 2147483647;
			files = (
				43F00324254D59D600E140A8 /* Preview Assets.xcassets in Resources */,
				43F00321254D59D600E140A8 /* Assets.xcassets in Resources */,
			);
			runOnlyForDeploymentPostprocessing = 0;
		};
/* End PBXResourcesBuildPhase section */

/* Begin PBXSourcesBuildPhase section */
		43F00315254D59D600E140A8 /* Sources */ = {
			isa = PBXSourcesBuildPhase;
			buildActionMask = 2147483647;
			files = (
				43F00330254D5E9700E140A8 /* CalculatorView.swift in Sources */,
				439973C2254EE4490009EF7C /* FirstRowKeyboardView.swift in Sources */,
				43F0032D254D5B0500E140A8 /* Models.swift in Sources */,
				439973BC254EDF050009EF7C /* ButtonView.swift in Sources */,
				43F00339254E002800E140A8 /* KeyboardView.swift in Sources */,
				43F00333254D614D00E140A8 /* ViewModels.swift in Sources */,
				438E118F254E018B007D5B6E /* LastRowKeyboardView.swift in Sources */,
				43F0031F254D59D600E140A8 /* ContentView.swift in Sources */,
				43F0031D254D59D600E140A8 /* VaraCalculationApp.swift in Sources */,
				438E1192254E0336007D5B6E /* RightColumnKeyboardView.swift in Sources */,
				439973BF254EE2D80009EF7C /* NumbersKeyboardView.swift in Sources */,
				43F00336254DF15C00E140A8 /* Utils.swift in Sources */,
			);
			runOnlyForDeploymentPostprocessing = 0;
		};
/* End PBXSourcesBuildPhase section */

/* Begin XCBuildConfiguration section */
		43F00326254D59D600E140A8 /* Debug */ = {
			isa = XCBuildConfiguration;
			buildSettings = {
				ALWAYS_SEARCH_USER_PATHS = NO;
				CLANG_ANALYZER_NONNULL = YES;
				CLANG_ANALYZER_NUMBER_OBJECT_CONVERSION = YES_AGGRESSIVE;
				CLANG_CXX_LANGUAGE_STANDARD = "gnu++14";
				CLANG_CXX_LIBRARY = "libc++";
				CLANG_ENABLE_MODULES = YES;
				CLANG_ENABLE_OBJC_ARC = YES;
				CLANG_ENABLE_OBJC_WEAK = YES;
				CLANG_WARN_BLOCK_CAPTURE_AUTORELEASING = YES;
				CLANG_WARN_BOOL_CONVERSION = YES;
				CLANG_WARN_COMMA = YES;
				CLANG_WARN_CONSTANT_CONVERSION = YES;
				CLANG_WARN_DEPRECATED_OBJC_IMPLEMENTATIONS = YES;
				CLANG_WARN_DIRECT_OBJC_ISA_USAGE = YES_ERROR;
				CLANG_WARN_DOCUMENTATION_COMMENTS = YES;
				CLANG_WARN_EMPTY_BODY = YES;
				CLANG_WARN_ENUM_CONVERSION = YES;
				CLANG_WARN_INFINITE_RECURSION = YES;
				CLANG_WARN_INT_CONVERSION = YES;
				CLANG_WARN_NON_LITERAL_NULL_CONVERSION = YES;
				CLANG_WARN_OBJC_IMPLICIT_RETAIN_SELF = YES;
				CLANG_WARN_OBJC_LITERAL_CONVERSION = YES;
				CLANG_WARN_OBJC_ROOT_CLASS = YES_ERROR;
				CLANG_WARN_QUOTED_INCLUDE_IN_FRAMEWORK_HEADER = YES;
				CLANG_WARN_RANGE_LOOP_ANALYSIS = YES;
				CLANG_WARN_STRICT_PROTOTYPES = YES;
				CLANG_WARN_SUSPICIOUS_MOVE = YES;
				CLANG_WARN_UNGUARDED_AVAILABILITY = YES_AGGRESSIVE;
				CLANG_WARN_UNREACHABLE_CODE = YES;
				CLANG_WARN__DUPLICATE_METHOD_MATCH = YES;
				COPY_PHASE_STRIP = NO;
				DEBUG_INFORMATION_FORMAT = dwarf;
				ENABLE_STRICT_OBJC_MSGSEND = YES;
				ENABLE_TESTABILITY = YES;
				GCC_C_LANGUAGE_STANDARD = gnu11;
				GCC_DYNAMIC_NO_PIC = NO;
				GCC_NO_COMMON_BLOCKS = YES;
				GCC_OPTIMIZATION_LEVEL = 0;
				GCC_PREPROCESSOR_DEFINITIONS = (
					"DEBUG=1",
					"$(inherited)",
				);
				GCC_WARN_64_TO_32_BIT_CONVERSION = YES;
				GCC_WARN_ABOUT_RETURN_TYPE = YES_ERROR;
				GCC_WARN_UNDECLARED_SELECTOR = YES;
				GCC_WARN_UNINITIALIZED_AUTOS = YES_AGGRESSIVE;
				GCC_WARN_UNUSED_FUNCTION = YES;
				GCC_WARN_UNUSED_VARIABLE = YES;
				IPHONEOS_DEPLOYMENT_TARGET = 14.1;
				MTL_ENABLE_DEBUG_INFO = INCLUDE_SOURCE;
				MTL_FAST_MATH = YES;
				ONLY_ACTIVE_ARCH = YES;
				SDKROOT = iphoneos;
				SWIFT_ACTIVE_COMPILATION_CONDITIONS = DEBUG;
				SWIFT_OPTIMIZATION_LEVEL = "-Onone";
			};
			name = Debug;
		};
		43F00327254D59D600E140A8 /* Release */ = {
			isa = XCBuildConfiguration;
			buildSettings = {
				ALWAYS_SEARCH_USER_PATHS = NO;
				CLANG_ANALYZER_NONNULL = YES;
				CLANG_ANALYZER_NUMBER_OBJECT_CONVERSION = YES_AGGRESSIVE;
				CLANG_CXX_LANGUAGE_STANDARD = "gnu++14";
				CLANG_CXX_LIBRARY = "libc++";
				CLANG_ENABLE_MODULES = YES;
				CLANG_ENABLE_OBJC_ARC = YES;
				CLANG_ENABLE_OBJC_WEAK = YES;
				CLANG_WARN_BLOCK_CAPTURE_AUTORELEASING = YES;
				CLANG_WARN_BOOL_CONVERSION = YES;
				CLANG_WARN_COMMA = YES;
				CLANG_WARN_CONSTANT_CONVERSION = YES;
				CLANG_WARN_DEPRECATED_OBJC_IMPLEMENTATIONS = YES;
				CLANG_WARN_DIRECT_OBJC_ISA_USAGE = YES_ERROR;
				CLANG_WARN_DOCUMENTATION_COMMENTS = YES;
				CLANG_WARN_EMPTY_BODY = YES;
				CLANG_WARN_ENUM_CONVERSION = YES;
				CLANG_WARN_INFINITE_RECURSION = YES;
				CLANG_WARN_INT_CONVERSION = YES;
				CLANG_WARN_NON_LITERAL_NULL_CONVERSION = YES;
				CLANG_WARN_OBJC_IMPLICIT_RETAIN_SELF = YES;
				CLANG_WARN_OBJC_LITERAL_CONVERSION = YES;
				CLANG_WARN_OBJC_ROOT_CLASS = YES_ERROR;
				CLANG_WARN_QUOTED_INCLUDE_IN_FRAMEWORK_HEADER = YES;
				CLANG_WARN_RANGE_LOOP_ANALYSIS = YES;
				CLANG_WARN_STRICT_PROTOTYPES = YES;
				CLANG_WARN_SUSPICIOUS_MOVE = YES;
				CLANG_WARN_UNGUARDED_AVAILABILITY = YES_AGGRESSIVE;
				CLANG_WARN_UNREACHABLE_CODE = YES;
				CLANG_WARN__DUPLICATE_METHOD_MATCH = YES;
				COPY_PHASE_STRIP = NO;
				DEBUG_INFORMATION_FORMAT = "dwarf-with-dsym";
				ENABLE_NS_ASSERTIONS = NO;
				ENABLE_STRICT_OBJC_MSGSEND = YES;
				GCC_C_LANGUAGE_STANDARD = gnu11;
				GCC_NO_COMMON_BLOCKS = YES;
				GCC_WARN_64_TO_32_BIT_CONVERSION = YES;
				GCC_WARN_ABOUT_RETURN_TYPE = YES_ERROR;
				GCC_WARN_UNDECLARED_SELECTOR = YES;
				GCC_WARN_UNINITIALIZED_AUTOS = YES_AGGRESSIVE;
				GCC_WARN_UNUSED_FUNCTION = YES;
				GCC_WARN_UNUSED_VARIABLE = YES;
				IPHONEOS_DEPLOYMENT_TARGET = 14.1;
				MTL_ENABLE_DEBUG_INFO = NO;
				MTL_FAST_MATH = YES;
				SDKROOT = iphoneos;
				SWIFT_COMPILATION_MODE = wholemodule;
				SWIFT_OPTIMIZATION_LEVEL = "-O";
				VALIDATE_PRODUCT = YES;
			};
			name = Release;
		};
		43F00329254D59D600E140A8 /* Debug */ = {
			isa = XCBuildConfiguration;
			buildSettings = {
				ASSETCATALOG_COMPILER_APPICON_NAME = AppIcon;
				ASSETCATALOG_COMPILER_GLOBAL_ACCENT_COLOR_NAME = AccentColor;
				CODE_SIGN_ENTITLEMENTS = VaraCalculation/VaraCalculation.entitlements;
				CODE_SIGN_STYLE = Automatic;
				DEVELOPMENT_ASSET_PATHS = "\"VaraCalculation/Preview Content\"";
				DEVELOPMENT_TEAM = CRF22TKXX5;
				ENABLE_PREVIEWS = YES;
				INFOPLIST_FILE = VaraCalculation/Info.plist;
				IPHONEOS_DEPLOYMENT_TARGET = 14.5;
				LD_RUNPATH_SEARCH_PATHS = (
					"$(inherited)",
					"@executable_path/Frameworks",
				);
				PRODUCT_BUNDLE_IDENTIFIER = com.tikhonsystems.VaraCalculation;
				PRODUCT_NAME = "$(TARGET_NAME)";
				SUPPORTS_MACCATALYST = YES;
				SWIFT_VERSION = 5.0;
				TARGETED_DEVICE_FAMILY = "1,2";
			};
			name = Debug;
		};
		43F0032A254D59D600E140A8 /* Release */ = {
			isa = XCBuildConfiguration;
			buildSettings = {
				ASSETCATALOG_COMPILER_APPICON_NAME = AppIcon;
				ASSETCATALOG_COMPILER_GLOBAL_ACCENT_COLOR_NAME = AccentColor;
				CODE_SIGN_ENTITLEMENTS = VaraCalculation/VaraCalculation.entitlements;
				CODE_SIGN_STYLE = Automatic;
				DEVELOPMENT_ASSET_PATHS = "\"VaraCalculation/Preview Content\"";
				DEVELOPMENT_TEAM = 8L7235DPRQ;
				ENABLE_PREVIEWS = YES;
				INFOPLIST_FILE = VaraCalculation/Info.plist;
				IPHONEOS_DEPLOYMENT_TARGET = 14.5;
				LD_RUNPATH_SEARCH_PATHS = (
					"$(inherited)",
					"@executable_path/Frameworks",
				);
				PRODUCT_BUNDLE_IDENTIFIER = com.tikhonsystems.VaraCalculation;
				PRODUCT_NAME = "$(TARGET_NAME)";
				SUPPORTS_MACCATALYST = YES;
				SWIFT_VERSION = 5.0;
				TARGETED_DEVICE_FAMILY = "1,2";
			};
			name = Release;
		};
/* End XCBuildConfiguration section */

/* Begin XCConfigurationList section */
		43F00314254D59D600E140A8 /* Build configuration list for PBXProject "VaraCalculation" */ = {
			isa = XCConfigurationList;
			buildConfigurations = (
				43F00326254D59D600E140A8 /* Debug */,
				43F00327254D59D600E140A8 /* Release */,
			);
			defaultConfigurationIsVisible = 0;
			defaultConfigurationName = Release;
		};
		43F00328254D59D600E140A8 /* Build configuration list for PBXNativeTarget "VaraCalculation" */ = {
			isa = XCConfigurationList;
			buildConfigurations = (
				43F00329254D59D600E140A8 /* Debug */,
				43F0032A254D59D600E140A8 /* Release */,
			);
			defaultConfigurationIsVisible = 0;
			defaultConfigurationName = Release;
		};
/* End XCConfigurationList section */
	};
	rootObject = 43F00311254D59D600E140A8 /* Project object */;
}
